
Microsoft Visual Studio Solution File, Format Version 12.00
# Visual Studio 14
VisualStudioVersion = 14.0.25420.1
MinimumVisualStudioVersion = 10.0.40219.1
Project("{2150E333-8FDC-42A3-9474-1A3956D46DE8}") = "src", "src", "{B48209C0-4F85-4A75-B934-75921E3DD50A}"
EndProject
Project("{2150E333-8FDC-42A3-9474-1A3956D46DE8}") = "Solution Items", "Solution Items", "{4B8F9AF7-8ADD-488C-B2DE-428C43EEEEAB}"
	ProjectSection(SolutionItems) = preProject
		global.json = global.json
	EndProjectSection
EndProject
Project("{8BB2217D-0F2D-49D1-97BC-3654ED321F3B}") = "SeafoodMarket", "src\SeafoodMarket\SeafoodMarket.xproj", "{0AFBF00A-57B7-4D5F-8417-A7535CE5C71D}"
EndProject
Project("{2150E333-8FDC-42A3-9474-1A3956D46DE8}") = "Tests", "Tests", "{2D9BC408-7CBE-4F65-B8D0-FDFD47858CBC}"
EndProject
Project("{8BB2217D-0F2D-49D1-97BC-3654ED321F3B}") = "SeafoodMarket1.Tests", "SeafoodMarket1.Tests\SeafoodMarket1.Tests.xproj", "{98B75B96-F7C2-488A-89C4-F589F97BB469}"
EndProject
Global
	GlobalSection(SolutionConfigurationPlatforms) = preSolution
		Debug|Any CPU = Debug|Any CPU
		Release|Any CPU = Release|Any CPU
	EndGlobalSection
	GlobalSection(ProjectConfigurationPlatforms) = postSolution
		{0AFBF00A-57B7-4D5F-8417-A7535CE5C71D}.Debug|Any CPU.ActiveCfg = Debug|Any CPU
		{0AFBF00A-57B7-4D5F-8417-A7535CE5C71D}.Debug|Any CPU.Build.0 = Debug|Any CPU
		{0AFBF00A-57B7-4D5F-8417-A7535CE5C71D}.Release|Any CPU.ActiveCfg = Release|Any CPU
		{0AFBF00A-57B7-4D5F-8417-A7535CE5C71D}.Release|Any CPU.Build.0 = Release|Any CPU
		{98B75B96-F7C2-488A-89C4-F589F97BB469}.Debug|Any CPU.ActiveCfg = Debug|Any CPU
		{98B75B96-F7C2-488A-89C4-F589F97BB469}.Debug|Any CPU.Build.0 = Debug|Any CPU
		{98B75B96-F7C2-488A-89C4-F589F97BB469}.Release|Any CPU.ActiveCfg = Release|Any CPU
		{98B75B96-F7C2-488A-89C4-F589F97BB469}.Release|Any CPU.Build.0 = Release|Any CPU
	EndGlobalSection
	GlobalSection(SolutionProperties) = preSolution
		HideSolutionNode = FALSE
	EndGlobalSection
	GlobalSection(NestedProjects) = preSolution
		{0AFBF00A-57B7-4D5F-8417-A7535CE5C71D} = {B48209C0-4F85-4A75-B934-75921E3DD50A}
		{98B75B96-F7C2-488A-89C4-F589F97BB469} = {2D9BC408-7CBE-4F65-B8D0-FDFD47858CBC}
	EndGlobalSection
EndGlobal
